# THIS IS AN AUTOGENERATED FILE. DO NOT EDIT THIS FILE DIRECTLY.
# yarn lockfile v1


"@grammyjs/hydrate@^1.3.1":
  version "1.3.1"
  resolved "https://registry.yarnpkg.com/@grammyjs/hydrate/-/hydrate-1.3.1.tgz#34143936fe1bff0278e13ff20f5ec5d8d522f4d8"
  integrity sha512-WvUuRBSq81oCuRLLDS6MkLQrSqM0CSiTesPIitQeBcCFy4Y+r9GKbnjBENaPc1AEucjfgT6XLqeeJTbfBLyMsg==
  dependencies:
    abort-controller "^3.0.0"

"@grammyjs/storage-free@^2.1.0":
  version "2.1.0"
  resolved "https://registry.yarnpkg.com/@grammyjs/storage-free/-/storage-free-2.1.0.tgz#48a5ba6b6bce3e4d6b7b5469c7fa8c6ca1e391c7"
  integrity sha512-+hOWV559YacRG3+jgSEy1OptE2Nd0j5bIEvN1/vw39e4ByPqiVaK4esvJ09WGFSiN/4/6kbA/VJBhnGs/yhztA==
  dependencies:
    node-fetch "^2.6.6"

"@grammyjs/types@^2.11.0":
  version "2.11.2"
  resolved "https://registry.npmjs.org/@grammyjs/types/-/types-2.11.2.tgz"
  integrity sha512-qglunvUIL8mz/TS0vqdcg2uABwM34UkSkUQcZVWjxWH34c9ptsMvY3zO0n9P0eLBaRLV4BwnD8MBx35BN2FFNw==

abort-controller@^3.0.0:
  version "3.0.0"
  resolved "https://registry.npmjs.org/abort-controller/-/abort-controller-3.0.0.tgz"
  integrity sha512-h8lQ8tacZYnR3vNQTgibj+tODHI5/+l06Au2Pcriv/Gmet0eaj4TwWH41sO9wnHDiQsEj19q0drzdWdeAHtweg==
  dependencies:
    event-target-shim "^5.0.0"

asynckit@^0.4.0:
  version "0.4.0"
  resolved "https://registry.npmjs.org/asynckit/-/asynckit-0.4.0.tgz"
  integrity sha512-Oei9OH4tRh0YqU3GxhX79dM/mwVgvbZJaSNaRk+bshkj0S5cfHcgYakreBjrHwatXKbz+IoIdYLxrKim2MjW0Q==

axios@^0.26.0:
  version "0.26.1"
  resolved "https://registry.npmjs.org/axios/-/axios-0.26.1.tgz"
  integrity sha512-fPwcX4EvnSHuInCMItEhAGnaSEXRBjtzh9fOtsE6E1G6p7vl7edEeZe11QHf18+6+9gR5PbKV/sGKNaD8YaMeA==
  dependencies:
    follow-redirects "^1.14.8"

balanced-match@^1.0.0:
  version "1.0.2"
  resolved "https://registry.npmjs.org/balanced-match/-/balanced-match-1.0.2.tgz"
  integrity sha512-3oSeUO0TMV67hN1AmbXsK4yaqU7tjiHlbxRDZOpH0KW9+CeX4bRAaX0Anxt0tx2MrpRpWwQaPwIlISEJhYU5Pw==

brace-expansion@^1.1.7:
  version "1.1.11"
  resolved "https://registry.npmjs.org/brace-expansion/-/brace-expansion-1.1.11.tgz"
  integrity sha512-iCuPHDFgrHX7H2vEI/5xpz07zSHB00TpugqhmYtVmMO6518mCuRMoOYFldEBl0g187ufozdaHgWKcYFb61qGiA==
  dependencies:
    balanced-match "^1.0.0"
    concat-map "0.0.1"

cld@^2.8.4:
  version "2.8.4"
  resolved "https://registry.npmjs.org/cld/-/cld-2.8.4.tgz"
  integrity sha512-QxoDKKng4Fy2SjFBv6b31HrZt3RX1sOe3ENRFvuGK9FiFsm0SfWgmK8qukVkt5r7CClhqmjOBcQJe1dWfxxuDg==
  dependencies:
    glob "7"
    node-addon-api "*"
    underscore "^1.12.1"

collapse-white-space@^2.0.0:
  version "2.1.0"
  resolved "https://registry.npmjs.org/collapse-white-space/-/collapse-white-space-2.1.0.tgz"
  integrity sha512-loKTxY1zCOuG4j9f6EPnuyyYkf58RnhhWTvRoZEokgB+WbdXehfjFviyOVYkqzEWz1Q5kRiZdBYS5SwxbQYwzw==

combined-stream@^1.0.8:
  version "1.0.8"
  resolved "https://registry.npmjs.org/combined-stream/-/combined-stream-1.0.8.tgz"
  integrity sha512-FQN4MRfuJeHf7cBbBMJFXhKSDq+2kAArBlmRBvcvFE5BB1HZKXtSFASDhdlz9zOYwxh8lDdnvmMOe/+5cdoEdg==
  dependencies:
    delayed-stream "~1.0.0"

concat-map@0.0.1:
  version "0.0.1"
  resolved "https://registry.npmjs.org/concat-map/-/concat-map-0.0.1.tgz"
  integrity sha512-/Srv4dswyQNBfohGpz9o6Yb3Gz3SrUDqBH5rTuhGR7ahtlbYKnVxw2bCFMRljaA7EXHaXZ8wsHdodFvbkhKmqg==

debug@^4.3.4:
  version "4.3.4"
  resolved "https://registry.npmjs.org/debug/-/debug-4.3.4.tgz"
  integrity sha512-PRWFHuSU3eDtQJPvnNY7Jcket1j0t5OuOsFzPPzsekD52Zl8qUfFIPEiswXqIvHWGVHOgX+7G/vCNNhehwxfkQ==
  dependencies:
    ms "2.1.2"

delayed-stream@~1.0.0:
  version "1.0.0"
  resolved "https://registry.npmjs.org/delayed-stream/-/delayed-stream-1.0.0.tgz"
  integrity sha512-ZySD7Nf91aLB0RxL4KGrKHBXl7Eds1DAmEdcoVawXnLD7SDhpNgtuII2aAkg7a7QS41jxPSZ17p4VdGnMHk3MQ==

dotenv@^16.0.3:
  version "16.0.3"
  resolved "https://registry.yarnpkg.com/dotenv/-/dotenv-16.0.3.tgz#115aec42bac5053db3c456db30cc243a5a836a07"
  integrity sha512-7GO6HghkA5fYG9TYnNxi14/7K9f5occMlp3zXAuSxn7CKCxt9xbNWG7yF8hTCSUchlfWSe3uLmlPfigevRItzQ==

event-target-shim@^5.0.0:
  version "5.0.1"
  resolved "https://registry.npmjs.org/event-target-shim/-/event-target-shim-5.0.1.tgz"
  integrity sha512-i/2XbnSz/uxRCU6+NdVJgKWDTM427+MqYbkQzD321DuCQJUqOuJKIA0IM2+W2xtYHdKOmZ4dR6fExsd4SXL+WQ==

follow-redirects@^1.14.8:
  version "1.15.2"
  resolved "https://registry.npmjs.org/follow-redirects/-/follow-redirects-1.15.2.tgz"
  integrity sha512-VQLG33o04KaQ8uYi2tVNbdrWp1QWxNNea+nmIB4EVM28v0hmP17z7aG1+wAkNzVq4KeXTq3221ye5qTJP91JwA==

form-data@^4.0.0:
  version "4.0.0"
  resolved "https://registry.npmjs.org/form-data/-/form-data-4.0.0.tgz"
  integrity sha512-ETEklSGi5t0QMZuiXoA/Q6vcnxcLQP5vdugSpuAyi6SVGi2clPPp+xgEhuMaHC+zGgn31Kd235W35f7Hykkaww==
  dependencies:
    asynckit "^0.4.0"
    combined-stream "^1.0.8"
    mime-types "^2.1.12"

franc@^6.1.0:
  version "6.1.0"
  resolved "https://registry.npmjs.org/franc/-/franc-6.1.0.tgz"
  integrity sha512-woYqLX7sFcrKD4y1M33IorhH4b21bCDNr0Rm+zlAGRNuxLFilT4h8qEcclu8RFLpHmvNz7FgAYl9Vqfa8UZwoA==
  dependencies:
    trigram-utils "^2.0.0"

fs.realpath@^1.0.0:
  version "1.0.0"
  resolved "https://registry.npmjs.org/fs.realpath/-/fs.realpath-1.0.0.tgz"
  integrity sha512-OO0pH2lK6a0hZnAdau5ItzHPI6pUlvI7jMVnxUQRtw4owF2wk8lOSabtGDCTP4Ggrg2MbGnWO9X8K1t4+fGMDw==

glob@7:
  version "7.2.3"
  resolved "https://registry.npmjs.org/glob/-/glob-7.2.3.tgz"
  integrity sha512-nFR0zLpU2YCaRxwoCJvL6UvCH2JFyFVIvwTLsIf21AuHlMskA1hhTdk+LlYJtOlYt9v6dvszD2BGRqBL+iQK9Q==
  dependencies:
    fs.realpath "^1.0.0"
    inflight "^1.0.4"
    inherits "2"
    minimatch "^3.1.1"
    once "^1.3.0"
    path-is-absolute "^1.0.0"

grammy@^1.13.1:
  version "1.13.1"
  resolved "https://registry.npmjs.org/grammy/-/grammy-1.13.1.tgz"
  integrity sha512-kAxja6QDjw5oTJOFtrqhaQlLfCco3AwO4Mb4YRdP8A+v59roJA8mgEd0S5dOgFPyn74bPp8VWaKCI+of8wnPow==
  dependencies:
    "@grammyjs/types" "^2.11.0"
    abort-controller "^3.0.0"
    debug "^4.3.4"
    node-fetch "^2.6.7"

inflight@^1.0.4:
  version "1.0.6"
  resolved "https://registry.npmjs.org/inflight/-/inflight-1.0.6.tgz"
  integrity sha512-k92I/b08q4wvFscXCLvqfsHCrjrF7yiXsQuIVvVE7N82W3+aqpzuUdBbfhWcy/FZR3/4IgflMgKLOsvPDrGCJA==
  dependencies:
    once "^1.3.0"
    wrappy "1"

inherits@2:
  version "2.0.4"
  resolved "https://registry.npmjs.org/inherits/-/inherits-2.0.4.tgz"
  integrity sha512-k/vGaX4/Yla3WzyMCvTQOXYeIHvqOKtnqBduzTHpzpQZzAskKMhZ2K+EnBiSM9zGSoIFeMpXKxa4dYeZIQqewQ==

langdetect@^0.2.1:
  version "0.2.1"
  resolved "https://registry.npmjs.org/langdetect/-/langdetect-0.2.1.tgz"
  integrity sha512-vWK2xz8Urp6J0RFwnrR8+d0DQ2yIGjCOqAxBoXNMVFv4ZDmFsbCcNEtwuVnaQ5+ltwZ4Z5rTtuTwHSaEWFdw+A==
  dependencies:
    unicode-9.0.0 "0.7.0"

languagedetect@^2.0.0:
  version "2.0.0"
  resolved "https://registry.npmjs.org/languagedetect/-/languagedetect-2.0.0.tgz"
  integrity sha512-AZb/liiQ+6ZoTj4f1J0aE6OkzhCo8fyH+tuSaPfSo8YHCWLFJrdSixhtO2TYdIkjcDQNaR4RmGaV2A5FJklDMQ==

mime-db@1.52.0:
  version "1.52.0"
  resolved "https://registry.npmjs.org/mime-db/-/mime-db-1.52.0.tgz"
  integrity sha512-sPU4uV7dYlvtWJxwwxHD0PuihVNiE7TyAbQ5SWxDCB9mUYvOgroQOwYQQOKPJ8CIbE+1ETVlOoK1UC2nU3gYvg==

mime-types@^2.1.12:
  version "2.1.35"
  resolved "https://registry.npmjs.org/mime-types/-/mime-types-2.1.35.tgz"
  integrity sha512-ZDY+bPm5zTTF+YpCrAU9nK0UgICYPT0QtT1NZWFv4s++TNkcgVaT0g6+4R2uI4MjQjzysHB1zxuWL50hzaeXiw==
  dependencies:
    mime-db "1.52.0"

minimatch@^3.1.1:
  version "3.1.2"
  resolved "https://registry.npmjs.org/minimatch/-/minimatch-3.1.2.tgz"
  integrity sha512-J7p63hRiAjw1NDEww1W7i37+ByIrOWO5XQQAzZ3VOcL0PNybwpfmV/N05zFAzwQ9USyEcX6t3UO+K5aqBQOIHw==
  dependencies:
    brace-expansion "^1.1.7"

ms@2.1.2:
  version "2.1.2"
  resolved "https://registry.npmjs.org/ms/-/ms-2.1.2.tgz"
  integrity sha512-sGkPx+VjMtmA6MX27oA4FBFELFCZZ4S4XqeGOXCv68tT+jb3vk/RyaKWP0PTKyWtmLSM0b+adUTEvbs1PEaH2w==

n-gram@^2.0.0:
  version "2.0.2"
  resolved "https://registry.npmjs.org/n-gram/-/n-gram-2.0.2.tgz"
  integrity sha512-S24aGsn+HLBxUGVAUFOwGpKs7LBcG4RudKU//eWzt/mQ97/NMKQxDWHyHx63UNWk/OOdihgmzoETn1tf5nQDzQ==

node-addon-api@*:
  version "5.1.0"
  resolved "https://registry.npmjs.org/node-addon-api/-/node-addon-api-5.1.0.tgz"
  integrity sha512-eh0GgfEkpnoWDq+VY8OyvYhFEzBk6jIYbRKdIlyTiAXIVJ8PyBaKb0rp7oDtoddbdoHWhq8wwr+XZ81F1rpNdA==

node-fetch@^2.6.6, node-fetch@^2.6.7:
  version "2.6.9"
  resolved "https://registry.npmjs.org/node-fetch/-/node-fetch-2.6.9.tgz"
  integrity sha512-DJm/CJkZkRjKKj4Zi4BsKVZh3ValV5IR5s7LVZnW+6YMh0W1BfNA8XSs6DLMGYlId5F3KnA70uu2qepcR08Qqg==
  dependencies:
    whatwg-url "^5.0.0"

once@^1.3.0:
  version "1.4.0"
  resolved "https://registry.npmjs.org/once/-/once-1.4.0.tgz"
  integrity sha512-lNaJgI+2Q5URQBkccEKHTQOPaXdUxnZZElQTZY0MFUAuaEqe1E+Nyvgdz/aIyNi6Z9MzO5dv1H8n58/GELp3+w==
  dependencies:
    wrappy "1"

openai@^3.1.0:
  version "3.1.0"
  resolved "https://registry.npmjs.org/openai/-/openai-3.1.0.tgz"
  integrity sha512-v5kKFH5o+8ld+t0arudj833Mgm3GcgBnbyN9946bj6u7bvel4Yg6YFz2A4HLIYDzmMjIo0s6vSG9x73kOwvdCg==
  dependencies:
    axios "^0.26.0"
    form-data "^4.0.0"

path-is-absolute@^1.0.0:
  version "1.0.1"
  resolved "https://registry.npmjs.org/path-is-absolute/-/path-is-absolute-1.0.1.tgz"
  integrity sha512-AVbw3UJ2e9bq64vSaS9Am0fje1Pa8pbGqTTsmXfaIiMpnr5DlDhfJOuLj9Sf95ZPVDAUerDfEk88MPmPe7UCQg==

prettier@^2.8.3:
  version "2.8.3"
  resolved "https://registry.npmjs.org/prettier/-/prettier-2.8.3.tgz"
  integrity sha512-tJ/oJ4amDihPoufT5sM0Z1SKEuKay8LfVAMlbbhnnkvt6BUserZylqo2PN+p9KeljLr0OHa2rXHU1T8reeoTrw==

tr46@~0.0.3:
  version "0.0.3"
  resolved "https://registry.npmjs.org/tr46/-/tr46-0.0.3.tgz"
  integrity sha512-N3WMsuqV66lT30CrXNbEjx4GEwlow3v6rr4mCcv6prnfwhS01rkgyFdjPNBYd9br7LpXV1+Emh01fHnq2Gdgrw==

trigram-utils@^2.0.0:
  version "2.0.1"
  resolved "https://registry.npmjs.org/trigram-utils/-/trigram-utils-2.0.1.tgz"
  integrity sha512-nfWIXHEaB+HdyslAfMxSqWKDdmqY9I32jS7GnqpdWQnLH89r6A5sdk3fDVYqGAZ0CrT8ovAFSAo6HRiWcWNIGQ==
  dependencies:
    collapse-white-space "^2.0.0"
    n-gram "^2.0.0"

typescript@^4.9.5:
  version "4.9.5"
  resolved "https://registry.npmjs.org/typescript/-/typescript-4.9.5.tgz"
  integrity sha512-1FXk9E2Hm+QzZQ7z+McJiHL4NW1F2EzMu9Nq9i3zAaGqibafqYwCVU6WyWAuyQRRzOlxou8xZSyXLEN8oKj24g==

underscore@^1.12.1:
  version "1.13.6"
  resolved "https://registry.npmjs.org/underscore/-/underscore-1.13.6.tgz"
  integrity sha512-+A5Sja4HP1M08MaXya7p5LvjuM7K6q/2EaC0+iovj/wOcMsTzMvDFbasi/oSapiwOlt252IqsKqPjCl7huKS0A==

unicode-9.0.0@0.7.0:
  version "0.7.0"
  resolved "https://registry.npmjs.org/unicode-9.0.0/-/unicode-9.0.0-0.7.0.tgz"
  integrity sha512-aqL0GQ3LB2nC3ZEKBZ93hfn7QY80sVGk+OT9Sc6lTxl4wRiwzUBRlAjJB9Fe4+5XydXOV+tb8udp5oRBoED5Tw==

webidl-conversions@^3.0.0:
  version "3.0.1"
  resolved "https://registry.npmjs.org/webidl-conversions/-/webidl-conversions-3.0.1.tgz"
  integrity sha512-2JAn3z8AR6rjK8Sm8orRC0h/bcl/DqL7tRPdGZ4I1CjdF+EaMLmYxBHyXuKL849eucPFhvBoxMsflfOb8kxaeQ==

whatwg-url@^5.0.0:
  version "5.0.0"
  resolved "https://registry.npmjs.org/whatwg-url/-/whatwg-url-5.0.0.tgz"
  integrity sha512-saE57nupxk6v3HY35+jzBwYa0rKSy0XR8JSxZPwgLr7ys0IBzhGviA1/TUGJLmSVqs8pb9AnvICXEuOHLprYTw==
  dependencies:
    tr46 "~0.0.3"
    webidl-conversions "^3.0.0"

wrappy@1:
  version "1.0.2"
  resolved "https://registry.npmjs.org/wrappy/-/wrappy-1.0.2.tgz"
  integrity sha512-l4Sp/DRseor9wL6EvV2+TuQn63dMkPjZ/sp9XkghTEbV9KlPS1xUsZ3u7/IQO4wxtcFB4bgpQPRcR3QCvezPcQ==
